
Microsoft Visual Studio Solution File, Format Version 12.00
# Visual Studio Version 17
VisualStudioVersion = 17.2.32616.157
MinimumVisualStudioVersion = 10.0.40219.1
Project("{FAE04EC0-301F-11D3-BF4B-00C04F79EFBC}") = "WILDLY", "WILDLY\WILDLY.csproj", "{272456F0-6002-4A42-A61F-18F2AA8A6505}"
EndProject
Global
	GlobalSection(SolutionConfigurationPlatforms) = preSolution
		Debug|Any CPU = Debug|Any CPU
		Release|Any CPU = Release|Any CPU
	EndGlobalSection
	GlobalSection(ProjectConfigurationPlatforms) = postSolution
		{272456F0-6002-4A42-A61F-18F2AA8A6505}.Debug|Any CPU.ActiveCfg = Debug|Any CPU
		{272456F0-6002-4A42-A61F-18F2AA8A6505}.Debug|Any CPU.Build.0 = Debug|Any CPU
		{272456F0-6002-4A42-A61F-18F2AA8A6505}.Release|Any CPU.ActiveCfg = Release|Any CPU
		{272456F0-6002-4A42-A61F-18F2AA8A6505}.Release|Any CPU.Build.0 = Release|Any CPU
	EndGlobalSection
	GlobalSection(SolutionProperties) = preSolution
		HideSolutionNode = FALSE
	EndGlobalSection
	GlobalSection(ExtensibilityGlobals) = postSolution
		SolutionGuid = {72DCD485-28BD-413C-A5FA-2FE804E13FAA}
	EndGlobalSection
EndGlobal
